
Microsoft Visual Studio Solution File, Format Version 12.00
# Visual Studio Version 16
VisualStudioVersion = 16.0.31019.35
MinimumVisualStudioVersion = 10.0.40219.1
Project("{FAE04EC0-301F-11D3-BF4B-00C04F79EFBC}") = "Ink Pad", "Ink Pad\Ink Pad.csproj", "{D261FFEC-61A9-4B50-9393-FDAE83C8F520}"
EndProject
Global
	GlobalSection(SolutionConfigurationPlatforms) = preSolution
		Debug|Any CPU = Debug|Any CPU
		Release|Any CPU = Release|Any CPU
	EndGlobalSection
	GlobalSection(ProjectConfigurationPlatforms) = postSolution
		{D261FFEC-61A9-4B50-9393-FDAE83C8F520}.Debug|Any CPU.ActiveCfg = Debug|Any CPU
		{D261FFEC-61A9-4B50-9393-FDAE83C8F520}.Debug|Any CPU.Build.0 = Debug|Any CPU
		{D261FFEC-61A9-4B50-9393-FDAE83C8F520}.Release|Any CPU.ActiveCfg = Release|Any CPU
		{D261FFEC-61A9-4B50-9393-FDAE83C8F520}.Release|Any CPU.Build.0 = Release|Any CPU
	EndGlobalSection
	GlobalSection(SolutionProperties) = preSolution
		HideSolutionNode = FALSE
	EndGlobalSection
	GlobalSection(ExtensibilityGlobals) = postSolution
		SolutionGuid = {984EAA1E-B7FA-4031-A28D-FC58E51D475C}
	EndGlobalSection
EndGlobal
