
Microsoft Visual Studio Solution File, Format Version 12.00
# Visual Studio Version 16
VisualStudioVersion = 16.0.31019.35
MinimumVisualStudioVersion = 10.0.40219.1
Project("{FAE04EC0-301F-11D3-BF4B-00C04F79EFBC}") = "WpfHelloNav", "WpfHelloNav\WpfHelloNav.csproj", "{FFEF9452-9BB7-4CA0-8303-A3FCADBB3C3E}"
EndProject
Global
	GlobalSection(SolutionConfigurationPlatforms) = preSolution
		Debug|Any CPU = Debug|Any CPU
		Release|Any CPU = Release|Any CPU
	EndGlobalSection
	GlobalSection(ProjectConfigurationPlatforms) = postSolution
		{FFEF9452-9BB7-4CA0-8303-A3FCADBB3C3E}.Debug|Any CPU.ActiveCfg = Debug|Any CPU
		{FFEF9452-9BB7-4CA0-8303-A3FCADBB3C3E}.Debug|Any CPU.Build.0 = Debug|Any CPU
		{FFEF9452-9BB7-4CA0-8303-A3FCADBB3C3E}.Release|Any CPU.ActiveCfg = Release|Any CPU
		{FFEF9452-9BB7-4CA0-8303-A3FCADBB3C3E}.Release|Any CPU.Build.0 = Release|Any CPU
	EndGlobalSection
	GlobalSection(SolutionProperties) = preSolution
		HideSolutionNode = FALSE
	EndGlobalSection
	GlobalSection(ExtensibilityGlobals) = postSolution
		SolutionGuid = {9204AFB9-2497-4F51-8822-D85B6368DC36}
	EndGlobalSection
EndGlobal
