
Microsoft Visual Studio Solution File, Format Version 12.00
# Visual Studio Version 16
VisualStudioVersion = 16.0.31019.35
MinimumVisualStudioVersion = 10.0.40219.1
Project("{FAE04EC0-301F-11D3-BF4B-00C04F79EFBC}") = "UserIn2", "UserIn2\UserIn2.csproj", "{9ECE0BE0-F059-45E1-86D8-7FB15CAB1ECF}"
EndProject
Global
	GlobalSection(SolutionConfigurationPlatforms) = preSolution
		Debug|Any CPU = Debug|Any CPU
		Release|Any CPU = Release|Any CPU
	EndGlobalSection
	GlobalSection(ProjectConfigurationPlatforms) = postSolution
		{9ECE0BE0-F059-45E1-86D8-7FB15CAB1ECF}.Debug|Any CPU.ActiveCfg = Debug|Any CPU
		{9ECE0BE0-F059-45E1-86D8-7FB15CAB1ECF}.Debug|Any CPU.Build.0 = Debug|Any CPU
		{9ECE0BE0-F059-45E1-86D8-7FB15CAB1ECF}.Release|Any CPU.ActiveCfg = Release|Any CPU
		{9ECE0BE0-F059-45E1-86D8-7FB15CAB1ECF}.Release|Any CPU.Build.0 = Release|Any CPU
	EndGlobalSection
	GlobalSection(SolutionProperties) = preSolution
		HideSolutionNode = FALSE
	EndGlobalSection
	GlobalSection(ExtensibilityGlobals) = postSolution
		SolutionGuid = {7A89A82A-6D89-4B02-A476-04D8F86C074F}
	EndGlobalSection
EndGlobal
